
Microsoft Visual Studio Solution File, Format Version 12.00
# Visual Studio Version 17
VisualStudioVersion = 17.8.34525.116
MinimumVisualStudioVersion = 10.0.40219.1
Project("{8BC9CEB8-8B4A-11D0-8D11-00A0C91BC942}") = "UEFI", "UEFI\UEFI.vcxproj", "{DD8C371E-17CF-458E-9E85-5E329C3F4ABA}"
EndProject
Project("{8BC9CEB8-8B4A-11D0-8D11-00A0C91BC942}") = "Loader", "Loader\Loader.vcxproj", "{A1ECD5CA-A61A-4BD3-B76B-9D8A60C07831}"
EndProject
Project("{8BC9CEB8-8B4A-11D0-8D11-00A0C91BC942}") = "PostCallDrv", "PostCallDrv\PostCallDrv.vcxproj", "{D4AF6A2E-11B6-47A6-85B6-53A8DB401B46}"
EndProject
Project("{8BC9CEB8-8B4A-11D0-8D11-00A0C91BC942}") = "HyperV-Intel", "HyperV-Intel\HyperV-Intel.vcxproj", "{0285E047-A856-437B-A4FA-C9886EAA23CC}"
EndProject
Project("{8BC9CEB8-8B4A-11D0-8D11-00A0C91BC942}") = "R3Example", "R3Example\R3Example.vcxproj", "{A2088999-4BD6-40F5-9F9E-31140C30EB1A}"
EndProject
Project("{8BC9CEB8-8B4A-11D0-8D11-00A0C91BC942}") = "R0Example", "R0Example\R0Example.vcxproj", "{7A2E1811-C665-4C76-922B-9B55E362475C}"
EndProject
Global
	GlobalSection(SolutionConfigurationPlatforms) = preSolution
		23H2|ARM64 = 23H2|ARM64
		23H2|x64 = 23H2|x64
		23H2|x86 = 23H2|x86
		Debug|ARM64 = Debug|ARM64
		Debug|x64 = Debug|x64
		Debug|x86 = Debug|x86
		Release|ARM64 = Release|ARM64
		Release|x64 = Release|x64
		Release|x86 = Release|x86
	EndGlobalSection
	GlobalSection(ProjectConfigurationPlatforms) = postSolution
		{DD8C371E-17CF-458E-9E85-5E329C3F4ABA}.23H2|ARM64.ActiveCfg = 23H2|x64
		{DD8C371E-17CF-458E-9E85-5E329C3F4ABA}.23H2|ARM64.Build.0 = 23H2|x64
		{DD8C371E-17CF-458E-9E85-5E329C3F4ABA}.23H2|x64.ActiveCfg = 23H2|x64
		{DD8C371E-17CF-458E-9E85-5E329C3F4ABA}.23H2|x64.Build.0 = 23H2|x64
		{DD8C371E-17CF-458E-9E85-5E329C3F4ABA}.23H2|x86.ActiveCfg = 23H2|x64
		{DD8C371E-17CF-458E-9E85-5E329C3F4ABA}.23H2|x86.Build.0 = 23H2|x64
		{DD8C371E-17CF-458E-9E85-5E329C3F4ABA}.Debug|ARM64.ActiveCfg = 23H2|x64
		{DD8C371E-17CF-458E-9E85-5E329C3F4ABA}.Debug|ARM64.Build.0 = 23H2|x64
		{DD8C371E-17CF-458E-9E85-5E329C3F4ABA}.Debug|x64.ActiveCfg = 23H2|x64
		{DD8C371E-17CF-458E-9E85-5E329C3F4ABA}.Debug|x86.ActiveCfg = 23H2|x64
		{DD8C371E-17CF-458E-9E85-5E329C3F4ABA}.Debug|x86.Build.0 = 23H2|x64
		{DD8C371E-17CF-458E-9E85-5E329C3F4ABA}.Release|ARM64.ActiveCfg = 23H2|x64
		{DD8C371E-17CF-458E-9E85-5E329C3F4ABA}.Release|ARM64.Build.0 = 23H2|x64
		{DD8C371E-17CF-458E-9E85-5E329C3F4ABA}.Release|x64.ActiveCfg = 23H2|x64
		{DD8C371E-17CF-458E-9E85-5E329C3F4ABA}.Release|x86.ActiveCfg = 23H2|x64
		{DD8C371E-17CF-458E-9E85-5E329C3F4ABA}.Release|x86.Build.0 = 23H2|x64
		{A1ECD5CA-A61A-4BD3-B76B-9D8A60C07831}.23H2|ARM64.ActiveCfg = Release|x64
		{A1ECD5CA-A61A-4BD3-B76B-9D8A60C07831}.23H2|ARM64.Build.0 = Release|x64
		{A1ECD5CA-A61A-4BD3-B76B-9D8A60C07831}.23H2|x64.ActiveCfg = Debug|x64
		{A1ECD5CA-A61A-4BD3-B76B-9D8A60C07831}.23H2|x64.Build.0 = Debug|x64
		{A1ECD5CA-A61A-4BD3-B76B-9D8A60C07831}.23H2|x86.ActiveCfg = Release|x64
		{A1ECD5CA-A61A-4BD3-B76B-9D8A60C07831}.Debug|ARM64.ActiveCfg = Debug|x64
		{A1ECD5CA-A61A-4BD3-B76B-9D8A60C07831}.Debug|ARM64.Build.0 = Debug|x64
		{A1ECD5CA-A61A-4BD3-B76B-9D8A60C07831}.Debug|x64.ActiveCfg = Debug|x64
		{A1ECD5CA-A61A-4BD3-B76B-9D8A60C07831}.Debug|x64.Build.0 = Debug|x64
		{A1ECD5CA-A61A-4BD3-B76B-9D8A60C07831}.Debug|x86.ActiveCfg = Debug|x64
		{A1ECD5CA-A61A-4BD3-B76B-9D8A60C07831}.Release|ARM64.ActiveCfg = Release|x64
		{A1ECD5CA-A61A-4BD3-B76B-9D8A60C07831}.Release|ARM64.Build.0 = Release|x64
		{A1ECD5CA-A61A-4BD3-B76B-9D8A60C07831}.Release|x64.ActiveCfg = Release|x64
		{A1ECD5CA-A61A-4BD3-B76B-9D8A60C07831}.Release|x64.Build.0 = Release|x64
		{A1ECD5CA-A61A-4BD3-B76B-9D8A60C07831}.Release|x86.ActiveCfg = Release|x64
		{D4AF6A2E-11B6-47A6-85B6-53A8DB401B46}.23H2|ARM64.ActiveCfg = Release|x64
		{D4AF6A2E-11B6-47A6-85B6-53A8DB401B46}.23H2|ARM64.Build.0 = Release|x64
		{D4AF6A2E-11B6-47A6-85B6-53A8DB401B46}.23H2|x64.ActiveCfg = Debug|x64
		{D4AF6A2E-11B6-47A6-85B6-53A8DB401B46}.23H2|x64.Build.0 = Debug|x64
		{D4AF6A2E-11B6-47A6-85B6-53A8DB401B46}.23H2|x86.ActiveCfg = Debug|x64
		{D4AF6A2E-11B6-47A6-85B6-53A8DB401B46}.Debug|ARM64.ActiveCfg = Debug|x64
		{D4AF6A2E-11B6-47A6-85B6-53A8DB401B46}.Debug|ARM64.Build.0 = Debug|x64
		{D4AF6A2E-11B6-47A6-85B6-53A8DB401B46}.Debug|x64.ActiveCfg = Debug|x64
		{D4AF6A2E-11B6-47A6-85B6-53A8DB401B46}.Debug|x64.Build.0 = Debug|x64
		{D4AF6A2E-11B6-47A6-85B6-53A8DB401B46}.Debug|x86.ActiveCfg = Debug|x64
		{D4AF6A2E-11B6-47A6-85B6-53A8DB401B46}.Release|ARM64.ActiveCfg = Release|x64
		{D4AF6A2E-11B6-47A6-85B6-53A8DB401B46}.Release|ARM64.Build.0 = Release|x64
		{D4AF6A2E-11B6-47A6-85B6-53A8DB401B46}.Release|x64.ActiveCfg = Release|x64
		{D4AF6A2E-11B6-47A6-85B6-53A8DB401B46}.Release|x64.Build.0 = Release|x64
		{D4AF6A2E-11B6-47A6-85B6-53A8DB401B46}.Release|x86.ActiveCfg = Release|x64
		{0285E047-A856-437B-A4FA-C9886EAA23CC}.23H2|ARM64.ActiveCfg = 23H2|x64
		{0285E047-A856-437B-A4FA-C9886EAA23CC}.23H2|ARM64.Build.0 = 23H2|x64
		{0285E047-A856-437B-A4FA-C9886EAA23CC}.23H2|x64.ActiveCfg = 23H2|x64
		{0285E047-A856-437B-A4FA-C9886EAA23CC}.23H2|x86.ActiveCfg = 23H2|x64
		{0285E047-A856-437B-A4FA-C9886EAA23CC}.Debug|ARM64.ActiveCfg = 23H2|x64
		{0285E047-A856-437B-A4FA-C9886EAA23CC}.Debug|ARM64.Build.0 = 23H2|x64
		{0285E047-A856-437B-A4FA-C9886EAA23CC}.Debug|x64.ActiveCfg = 23H2|x64
		{0285E047-A856-437B-A4FA-C9886EAA23CC}.Debug|x64.Build.0 = 23H2|x64
		{0285E047-A856-437B-A4FA-C9886EAA23CC}.Debug|x86.ActiveCfg = 23H2|x64
		{0285E047-A856-437B-A4FA-C9886EAA23CC}.Release|ARM64.ActiveCfg = 23H2|x64
		{0285E047-A856-437B-A4FA-C9886EAA23CC}.Release|ARM64.Build.0 = 23H2|x64
		{0285E047-A856-437B-A4FA-C9886EAA23CC}.Release|x64.ActiveCfg = 23H2|x64
		{0285E047-A856-437B-A4FA-C9886EAA23CC}.Release|x86.ActiveCfg = 23H2|x64
		{A2088999-4BD6-40F5-9F9E-31140C30EB1A}.23H2|ARM64.ActiveCfg = Release|x64
		{A2088999-4BD6-40F5-9F9E-31140C30EB1A}.23H2|ARM64.Build.0 = Release|x64
		{A2088999-4BD6-40F5-9F9E-31140C30EB1A}.23H2|x64.ActiveCfg = Debug|x64
		{A2088999-4BD6-40F5-9F9E-31140C30EB1A}.23H2|x64.Build.0 = Debug|x64
		{A2088999-4BD6-40F5-9F9E-31140C30EB1A}.23H2|x86.ActiveCfg = Debug|Win32
		{A2088999-4BD6-40F5-9F9E-31140C30EB1A}.23H2|x86.Build.0 = Debug|Win32
		{A2088999-4BD6-40F5-9F9E-31140C30EB1A}.Debug|ARM64.ActiveCfg = Debug|x64
		{A2088999-4BD6-40F5-9F9E-31140C30EB1A}.Debug|ARM64.Build.0 = Debug|x64
		{A2088999-4BD6-40F5-9F9E-31140C30EB1A}.Debug|x64.ActiveCfg = Debug|x64
		{A2088999-4BD6-40F5-9F9E-31140C30EB1A}.Debug|x64.Build.0 = Debug|x64
		{A2088999-4BD6-40F5-9F9E-31140C30EB1A}.Debug|x86.ActiveCfg = Debug|Win32
		{A2088999-4BD6-40F5-9F9E-31140C30EB1A}.Debug|x86.Build.0 = Debug|Win32
		{A2088999-4BD6-40F5-9F9E-31140C30EB1A}.Release|ARM64.ActiveCfg = Release|x64
		{A2088999-4BD6-40F5-9F9E-31140C30EB1A}.Release|ARM64.Build.0 = Release|x64
		{A2088999-4BD6-40F5-9F9E-31140C30EB1A}.Release|x64.ActiveCfg = Release|x64
		{A2088999-4BD6-40F5-9F9E-31140C30EB1A}.Release|x64.Build.0 = Release|x64
		{A2088999-4BD6-40F5-9F9E-31140C30EB1A}.Release|x86.ActiveCfg = Release|Win32
		{A2088999-4BD6-40F5-9F9E-31140C30EB1A}.Release|x86.Build.0 = Release|Win32
		{7A2E1811-C665-4C76-922B-9B55E362475C}.23H2|ARM64.ActiveCfg = Debug|ARM64
		{7A2E1811-C665-4C76-922B-9B55E362475C}.23H2|ARM64.Build.0 = Debug|ARM64
		{7A2E1811-C665-4C76-922B-9B55E362475C}.23H2|ARM64.Deploy.0 = Debug|ARM64
		{7A2E1811-C665-4C76-922B-9B55E362475C}.23H2|x64.ActiveCfg = Debug|x64
		{7A2E1811-C665-4C76-922B-9B55E362475C}.23H2|x64.Build.0 = Debug|x64
		{7A2E1811-C665-4C76-922B-9B55E362475C}.23H2|x64.Deploy.0 = Debug|x64
		{7A2E1811-C665-4C76-922B-9B55E362475C}.23H2|x86.ActiveCfg = Debug|x64
		{7A2E1811-C665-4C76-922B-9B55E362475C}.23H2|x86.Build.0 = Debug|x64
		{7A2E1811-C665-4C76-922B-9B55E362475C}.23H2|x86.Deploy.0 = Debug|x64
		{7A2E1811-C665-4C76-922B-9B55E362475C}.Debug|ARM64.ActiveCfg = Debug|ARM64
		{7A2E1811-C665-4C76-922B-9B55E362475C}.Debug|ARM64.Build.0 = Debug|ARM64
		{7A2E1811-C665-4C76-922B-9B55E362475C}.Debug|ARM64.Deploy.0 = Debug|ARM64
		{7A2E1811-C665-4C76-922B-9B55E362475C}.Debug|x64.ActiveCfg = Debug|x64
		{7A2E1811-C665-4C76-922B-9B55E362475C}.Debug|x64.Build.0 = Debug|x64
		{7A2E1811-C665-4C76-922B-9B55E362475C}.Debug|x64.Deploy.0 = Debug|x64
		{7A2E1811-C665-4C76-922B-9B55E362475C}.Debug|x86.ActiveCfg = Debug|x64
		{7A2E1811-C665-4C76-922B-9B55E362475C}.Debug|x86.Build.0 = Debug|x64
		{7A2E1811-C665-4C76-922B-9B55E362475C}.Debug|x86.Deploy.0 = Debug|x64
		{7A2E1811-C665-4C76-922B-9B55E362475C}.Release|ARM64.ActiveCfg = Release|ARM64
		{7A2E1811-C665-4C76-922B-9B55E362475C}.Release|ARM64.Build.0 = Release|ARM64
		{7A2E1811-C665-4C76-922B-9B55E362475C}.Release|ARM64.Deploy.0 = Release|ARM64
		{7A2E1811-C665-4C76-922B-9B55E362475C}.Release|x64.ActiveCfg = Release|x64
		{7A2E1811-C665-4C76-922B-9B55E362475C}.Release|x64.Build.0 = Release|x64
		{7A2E1811-C665-4C76-922B-9B55E362475C}.Release|x64.Deploy.0 = Release|x64
		{7A2E1811-C665-4C76-922B-9B55E362475C}.Release|x86.ActiveCfg = Release|x64
		{7A2E1811-C665-4C76-922B-9B55E362475C}.Release|x86.Build.0 = Release|x64
		{7A2E1811-C665-4C76-922B-9B55E362475C}.Release|x86.Deploy.0 = Release|x64
	EndGlobalSection
	GlobalSection(SolutionProperties) = preSolution
		HideSolutionNode = FALSE
	EndGlobalSection
	GlobalSection(ExtensibilityGlobals) = postSolution
		SolutionGuid = {95B66B3F-B791-4F80-B688-1A102088A35D}
	EndGlobalSection
EndGlobal
